
Microsoft Visual Studio Solution File, Format Version 12.00
# Visual Studio Version 16
VisualStudioVersion = 16.0.30225.117
MinimumVisualStudioVersion = 10.0.40219.1
Project("{FAE04EC0-301F-11D3-BF4B-00C04F79EFBC}") = "lab3", "lab3\lab3.csproj", "{7B6B8B96-527F-4E95-B667-6D754CEA191F}"
EndProject
Global
	GlobalSection(SolutionConfigurationPlatforms) = preSolution
		Debug|Any CPU = Debug|Any CPU
		Release|Any CPU = Release|Any CPU
	EndGlobalSection
	GlobalSection(ProjectConfigurationPlatforms) = postSolution
		{7B6B8B96-527F-4E95-B667-6D754CEA191F}.Debug|Any CPU.ActiveCfg = Debug|Any CPU
		{7B6B8B96-527F-4E95-B667-6D754CEA191F}.Debug|Any CPU.Build.0 = Debug|Any CPU
		{7B6B8B96-527F-4E95-B667-6D754CEA191F}.Release|Any CPU.ActiveCfg = Release|Any CPU
		{7B6B8B96-527F-4E95-B667-6D754CEA191F}.Release|Any CPU.Build.0 = Release|Any CPU
	EndGlobalSection
	GlobalSection(SolutionProperties) = preSolution
		HideSolutionNode = FALSE
	EndGlobalSection
	GlobalSection(ExtensibilityGlobals) = postSolution
		SolutionGuid = {583A6B54-92D8-4BE5-9405-AC79555F4FA6}
	EndGlobalSection
EndGlobal
